{
  "name": "Vaporwave",
  "lockfileVersion": 3,
  "requires": true,
  "packages": {
    "": {
      "dependencies": {
        "three": "^0.171.0"
      },
      "devDependencies": {
        "@types/stats.js": "^0.17.3"
      }
    },
    "node_modules/@types/stats.js": {
      "version": "0.17.3",
      "resolved": "https://registry.npmjs.org/@types/stats.js/-/stats.js-0.17.3.tgz",
      "integrity": "sha512-pXNfAD3KHOdif9EQXZ9deK82HVNaXP5ZIF5RP2QG6OQFNTaY2YIetfrE9t528vEreGQvEPRDDc8muaoYeK0SxQ==",
      "dev": true,
      "license": "MIT"
    },
    "node_modules/three": {
      "version": "0.171.0",
      "resolved": "https://registry.npmjs.org/three/-/three-0.171.0.tgz",
      "integrity": "sha512-Y/lAXPaKZPcEdkKjh0JOAHVv8OOnv/NDJqm0wjfCzyQmfKxV7zvkwsnBgPBKTzJHToSOhRGQAGbPJObT59B/PQ==",
      "license": "MIT"
    }
  }
}
